
Microsoft Visual Studio Solution File, Format Version 12.00
# Visual Studio Version 16
VisualStudioVersion = 16.0.29424.173
MinimumVisualStudioVersion = 10.0.40219.1
Project("{8BC9CEB8-8B4A-11D0-8D11-00A0C91BC942}") = "PZ-HAX", "PZ-HAX\PZ-HAX.vcxproj", "{3D0EC872-D606-4108-A48B-41402D30832D}"
EndProject
Global
	GlobalSection(SolutionConfigurationPlatforms) = preSolution
		Debug|x64 = Debug|x64
		Debug|x86 = Debug|x86
		Release|x64 = Release|x64
		Release|x86 = Release|x86
	EndGlobalSection
	GlobalSection(ProjectConfigurationPlatforms) = postSolution
		{3D0EC872-D606-4108-A48B-41402D30832D}.Debug|x64.ActiveCfg = Debug|x64
		{3D0EC872-D606-4108-A48B-41402D30832D}.Debug|x64.Build.0 = Debug|x64
		{3D0EC872-D606-4108-A48B-41402D30832D}.Debug|x86.ActiveCfg = Debug|Win32
		{3D0EC872-D606-4108-A48B-41402D30832D}.Debug|x86.Build.0 = Debug|Win32
		{3D0EC872-D606-4108-A48B-41402D30832D}.Release|x64.ActiveCfg = Release|x64
		{3D0EC872-D606-4108-A48B-41402D30832D}.Release|x64.Build.0 = Release|x64
		{3D0EC872-D606-4108-A48B-41402D30832D}.Release|x86.ActiveCfg = Release|Win32
		{3D0EC872-D606-4108-A48B-41402D30832D}.Release|x86.Build.0 = Release|Win32
	EndGlobalSection
	GlobalSection(SolutionProperties) = preSolution
		HideSolutionNode = FALSE
	EndGlobalSection
	GlobalSection(ExtensibilityGlobals) = postSolution
		SolutionGuid = {7191507E-7B18-4CAF-8AA7-690F00BEAF16}
	EndGlobalSection
EndGlobal
